
Microsoft Visual Studio Solution File, Format Version 12.00
# Visual Studio Version 17
VisualStudioVersion = 17.7.34202.233
MinimumVisualStudioVersion = 10.0.40219.1
Project("{FAE04EC0-301F-11D3-BF4B-00C04F79EFBC}") = "Book_Store_WebApp", "Book_Store_WebApp.csproj", "{FAFBC05C-0D2B-4C76-8B56-E7B1AE8659B1}"
EndProject
Global
	GlobalSection(SolutionConfigurationPlatforms) = preSolution
		Debug|Any CPU = Debug|Any CPU
		Release|Any CPU = Release|Any CPU
	EndGlobalSection
	GlobalSection(ProjectConfigurationPlatforms) = postSolution
		{FAFBC05C-0D2B-4C76-8B56-E7B1AE8659B1}.Debug|Any CPU.ActiveCfg = Debug|Any CPU
		{FAFBC05C-0D2B-4C76-8B56-E7B1AE8659B1}.Debug|Any CPU.Build.0 = Debug|Any CPU
		{FAFBC05C-0D2B-4C76-8B56-E7B1AE8659B1}.Release|Any CPU.ActiveCfg = Release|Any CPU
		{FAFBC05C-0D2B-4C76-8B56-E7B1AE8659B1}.Release|Any CPU.Build.0 = Release|Any CPU
	EndGlobalSection
	GlobalSection(SolutionProperties) = preSolution
		HideSolutionNode = FALSE
	EndGlobalSection
	GlobalSection(ExtensibilityGlobals) = postSolution
		SolutionGuid = {FA8CB364-9427-4A32-82DF-BD32E59CAA4D}
	EndGlobalSection
EndGlobal
